{
  "object": {
    "pins": [
      {
        "package": "CodeBureau",
        "repositoryURL": "https://github.com/zachbazov/CodeBureau.git",
        "state": {
          "branch": null,
          "revision": "3598bb162d42b6294c250ddd03e96a267836841d",
          "version": "1.0.4"
        }
      }
    ]
  },
  "version": 1
}
