{
  "object": {
    "pins": [
      {
        "package": "CodeBureau",
        "repositoryURL": "https://github.com/zachbazov/CodeBureau.git",
        "state": {
          "branch": null,
          "revision": "79d14b5a3c3d0db0f0e91dbd3e4db61cd93bd956",
          "version": "1.0.5"
        }
      }
    ]
  },
  "version": 1
}
